
Microsoft Visual Studio Solution File, Format Version 12.00
# Visual Studio Version 17
VisualStudioVersion = 17.11.35327.3
MinimumVisualStudioVersion = 10.0.40219.1
Project("{FAE04EC0-301F-11D3-BF4B-00C04F79EFBC}") = "FinancialCalculationSystem", "FinancialCalculationSystem\FinancialCalculationSystem.csproj", "{681E918C-9A67-4095-AA5A-2C800BB01CEB}"
EndProject
Global
	GlobalSection(SolutionConfigurationPlatforms) = preSolution
		Debug|Any CPU = Debug|Any CPU
		Release|Any CPU = Release|Any CPU
	EndGlobalSection
	GlobalSection(ProjectConfigurationPlatforms) = postSolution
		{681E918C-9A67-4095-AA5A-2C800BB01CEB}.Debug|Any CPU.ActiveCfg = Debug|Any CPU
		{681E918C-9A67-4095-AA5A-2C800BB01CEB}.Debug|Any CPU.Build.0 = Debug|Any CPU
		{681E918C-9A67-4095-AA5A-2C800BB01CEB}.Release|Any CPU.ActiveCfg = Release|Any CPU
		{681E918C-9A67-4095-AA5A-2C800BB01CEB}.Release|Any CPU.Build.0 = Release|Any CPU
	EndGlobalSection
	GlobalSection(SolutionProperties) = preSolution
		HideSolutionNode = FALSE
	EndGlobalSection
	GlobalSection(ExtensibilityGlobals) = postSolution
		SolutionGuid = {A4408519-C577-4453-AA26-5D3CAAF95D73}
	EndGlobalSection
EndGlobal
